{
  "name": "ogr2ogr",
  "version": "0.5.1",
  "dependencies": {
    "archiver": {
      "version": "1.1.0",
      "from": "archiver@latest",
      "resolved": "https://registry.npmjs.org/archiver/-/archiver-1.1.0.tgz",
      "dependencies": {
        "archiver-utils": {
          "version": "1.3.0",
          "from": "archiver-utils@>=1.3.0 <2.0.0",
          "resolved": "https://registry.npmjs.org/archiver-utils/-/archiver-utils-1.3.0.tgz",
          "dependencies": {
            "graceful-fs": {
              "version": "4.1.6",
              "from": "graceful-fs@>=4.1.0 <5.0.0",
              "resolved": "https://registry.npmjs.org/graceful-fs/-/graceful-fs-4.1.6.tgz"
            },
            "lazystream": {
              "version": "1.0.0",
              "from": "lazystream@>=1.0.0 <2.0.0",
              "resolved": "https://registry.npmjs.org/lazystream/-/lazystream-1.0.0.tgz"
            },
            "normalize-path": {
              "version": "2.0.1",
              "from": "normalize-path@>=2.0.0 <3.0.0",
              "resolved": "https://registry.npmjs.org/normalize-path/-/normalize-path-2.0.1.tgz"
            }
          }
        },
        "async": {
          "version": "2.0.1",
          "from": "async@>=2.0.0 <3.0.0",
          "resolved": "https://registry.npmjs.org/async/-/async-2.0.1.tgz"
        },
        "buffer-crc32": {
          "version": "0.2.5",
          "from": "buffer-crc32@>=0.2.1 <0.3.0",
          "resolved": "https://registry.npmjs.org/buffer-crc32/-/buffer-crc32-0.2.5.tgz"
        },
        "glob": {
          "version": "7.0.6",
          "from": "glob@>=7.0.0 <8.0.0",
          "resolved": "https://registry.npmjs.org/glob/-/glob-7.0.6.tgz",
          "dependencies": {
            "fs.realpath": {
              "version": "1.0.0",
              "from": "fs.realpath@>=1.0.0 <2.0.0",
              "resolved": "https://registry.npmjs.org/fs.realpath/-/fs.realpath-1.0.0.tgz"
            },
            "inflight": {
              "version": "1.0.5",
              "from": "inflight@>=1.0.4 <2.0.0",
              "resolved": "https://registry.npmjs.org/inflight/-/inflight-1.0.5.tgz",
              "dependencies": {
                "wrappy": {
                  "version": "1.0.2",
                  "from": "wrappy@>=1.0.0 <2.0.0",
                  "resolved": "https://registry.npmjs.org/wrappy/-/wrappy-1.0.2.tgz"
                }
              }
            },
            "inherits": {
              "version": "2.0.1",
              "from": "inherits@>=2.0.0 <3.0.0",
              "resolved": "https://registry.npmjs.org/inherits/-/inherits-2.0.1.tgz"
            },
            "minimatch": {
              "version": "3.0.3",
              "from": "minimatch@>=3.0.2 <4.0.0",
              "resolved": "https://registry.npmjs.org/minimatch/-/minimatch-3.0.3.tgz",
              "dependencies": {
                "brace-expansion": {
                  "version": "1.1.6",
                  "from": "brace-expansion@>=1.0.0 <2.0.0",
                  "resolved": "https://registry.npmjs.org/brace-expansion/-/brace-expansion-1.1.6.tgz",
                  "dependencies": {
                    "balanced-match": {
                      "version": "0.4.2",
                      "from": "balanced-match@>=0.4.1 <0.5.0",
                      "resolved": "https://registry.npmjs.org/balanced-match/-/balanced-match-0.4.2.tgz"
                    },
                    "concat-map": {
                      "version": "0.0.1",
                      "from": "concat-map@0.0.1",
                      "resolved": "https://registry.npmjs.org/concat-map/-/concat-map-0.0.1.tgz"
                    }
                  }
                }
              }
            },
            "once": {
              "version": "1.3.3",
              "from": "once@>=1.3.0 <2.0.0",
              "resolved": "https://registry.npmjs.org/once/-/once-1.3.3.tgz",
              "dependencies": {
                "wrappy": {
                  "version": "1.0.2",
                  "from": "wrappy@>=1.0.0 <2.0.0",
                  "resolved": "https://registry.npmjs.org/wrappy/-/wrappy-1.0.2.tgz"
                }
              }
            },
            "path-is-absolute": {
              "version": "1.0.0",
              "from": "path-is-absolute@>=1.0.0 <2.0.0",
              "resolved": "https://registry.npmjs.org/path-is-absolute/-/path-is-absolute-1.0.0.tgz"
            }
          }
        },
        "lodash": {
          "version": "4.15.0",
          "from": "lodash@>=4.8.0 <5.0.0",
          "resolved": "https://registry.npmjs.org/lodash/-/lodash-4.15.0.tgz"
        },
        "readable-stream": {
          "version": "2.1.5",
          "from": "readable-stream@>=2.0.0 <3.0.0",
          "resolved": "https://registry.npmjs.org/readable-stream/-/readable-stream-2.1.5.tgz",
          "dependencies": {
            "buffer-shims": {
              "version": "1.0.0",
              "from": "buffer-shims@>=1.0.0 <2.0.0",
              "resolved": "https://registry.npmjs.org/buffer-shims/-/buffer-shims-1.0.0.tgz"
            },
            "core-util-is": {
              "version": "1.0.2",
              "from": "core-util-is@>=1.0.0 <1.1.0",
              "resolved": "https://registry.npmjs.org/core-util-is/-/core-util-is-1.0.2.tgz"
            },
            "inherits": {
              "version": "2.0.1",
              "from": "inherits@>=2.0.1 <2.1.0",
              "resolved": "https://registry.npmjs.org/inherits/-/inherits-2.0.1.tgz"
            },
            "isarray": {
              "version": "1.0.0",
              "from": "isarray@>=1.0.0 <1.1.0",
              "resolved": "https://registry.npmjs.org/isarray/-/isarray-1.0.0.tgz"
            },
            "process-nextick-args": {
              "version": "1.0.7",
              "from": "process-nextick-args@>=1.0.6 <1.1.0",
              "resolved": "https://registry.npmjs.org/process-nextick-args/-/process-nextick-args-1.0.7.tgz"
            },
            "string_decoder": {
              "version": "0.10.31",
              "from": "string_decoder@>=0.10.0 <0.11.0",
              "resolved": "https://registry.npmjs.org/string_decoder/-/string_decoder-0.10.31.tgz"
            },
            "util-deprecate": {
              "version": "1.0.2",
              "from": "util-deprecate@>=1.0.1 <1.1.0",
              "resolved": "https://registry.npmjs.org/util-deprecate/-/util-deprecate-1.0.2.tgz"
            }
          }
        },
        "tar-stream": {
          "version": "1.5.2",
          "from": "tar-stream@>=1.5.0 <2.0.0",
          "resolved": "https://registry.npmjs.org/tar-stream/-/tar-stream-1.5.2.tgz",
          "dependencies": {
            "bl": {
              "version": "1.1.2",
              "from": "bl@>=1.0.0 <2.0.0",
              "resolved": "https://registry.npmjs.org/bl/-/bl-1.1.2.tgz",
              "dependencies": {
                "readable-stream": {
                  "version": "2.0.6",
                  "from": "readable-stream@>=2.0.5 <2.1.0",
                  "resolved": "https://registry.npmjs.org/readable-stream/-/readable-stream-2.0.6.tgz",
                  "dependencies": {
                    "core-util-is": {
                      "version": "1.0.2",
                      "from": "core-util-is@>=1.0.0 <1.1.0",
                      "resolved": "https://registry.npmjs.org/core-util-is/-/core-util-is-1.0.2.tgz"
                    },
                    "inherits": {
                      "version": "2.0.1",
                      "from": "inherits@>=2.0.1 <2.1.0",
                      "resolved": "https://registry.npmjs.org/inherits/-/inherits-2.0.1.tgz"
                    },
                    "isarray": {
                      "version": "1.0.0",
                      "from": "isarray@>=1.0.0 <1.1.0",
                      "resolved": "https://registry.npmjs.org/isarray/-/isarray-1.0.0.tgz"
                    },
                    "process-nextick-args": {
                      "version": "1.0.7",
                      "from": "process-nextick-args@>=1.0.6 <1.1.0",
                      "resolved": "https://registry.npmjs.org/process-nextick-args/-/process-nextick-args-1.0.7.tgz"
                    },
                    "string_decoder": {
                      "version": "0.10.31",
                      "from": "string_decoder@>=0.10.0 <0.11.0",
                      "resolved": "https://registry.npmjs.org/string_decoder/-/string_decoder-0.10.31.tgz"
                    },
                    "util-deprecate": {
                      "version": "1.0.2",
                      "from": "util-deprecate@>=1.0.1 <1.1.0",
                      "resolved": "https://registry.npmjs.org/util-deprecate/-/util-deprecate-1.0.2.tgz"
                    }
                  }
                }
              }
            },
            "end-of-stream": {
              "version": "1.1.0",
              "from": "end-of-stream@>=1.0.0 <2.0.0",
              "resolved": "https://registry.npmjs.org/end-of-stream/-/end-of-stream-1.1.0.tgz",
              "dependencies": {
                "once": {
                  "version": "1.3.3",
                  "from": "once@>=1.3.0 <1.4.0",
                  "resolved": "https://registry.npmjs.org/once/-/once-1.3.3.tgz",
                  "dependencies": {
                    "wrappy": {
                      "version": "1.0.2",
                      "from": "wrappy@>=1.0.0 <2.0.0",
                      "resolved": "https://registry.npmjs.org/wrappy/-/wrappy-1.0.2.tgz"
                    }
                  }
                }
              }
            },
            "xtend": {
              "version": "4.0.1",
              "from": "xtend@>=4.0.0 <5.0.0",
              "resolved": "https://registry.npmjs.org/xtend/-/xtend-4.0.1.tgz"
            }
          }
        },
        "zip-stream": {
          "version": "1.1.0",
          "from": "zip-stream@>=1.1.0 <2.0.0",
          "resolved": "https://registry.npmjs.org/zip-stream/-/zip-stream-1.1.0.tgz",
          "dependencies": {
            "compress-commons": {
              "version": "1.1.0",
              "from": "compress-commons@>=1.1.0 <2.0.0",
              "resolved": "https://registry.npmjs.org/compress-commons/-/compress-commons-1.1.0.tgz",
              "dependencies": {
                "crc32-stream": {
                  "version": "1.0.0",
                  "from": "crc32-stream@>=1.0.0 <2.0.0",
                  "resolved": "https://registry.npmjs.org/crc32-stream/-/crc32-stream-1.0.0.tgz"
                },
                "normalize-path": {
                  "version": "2.0.1",
                  "from": "normalize-path@>=2.0.0 <3.0.0",
                  "resolved": "https://registry.npmjs.org/normalize-path/-/normalize-path-2.0.1.tgz"
                }
              }
            }
          }
        }
      }
    },
    "comma-separated-values": {
      "version": "3.6.4",
      "from": "comma-separated-values@>=3.6.0 <4.0.0",
      "resolved": "https://registry.npmjs.org/comma-separated-values/-/comma-separated-values-3.6.4.tgz"
    },
    "decompress-zip": {
      "version": "0.3.0",
      "from": "decompress-zip@latest",
      "resolved": "https://registry.npmjs.org/decompress-zip/-/decompress-zip-0.3.0.tgz",
      "dependencies": {
        "binary": {
          "version": "0.3.0",
          "from": "binary@>=0.3.0 <0.4.0",
          "resolved": "https://registry.npmjs.org/binary/-/binary-0.3.0.tgz",
          "dependencies": {
            "chainsaw": {
              "version": "0.1.0",
              "from": "chainsaw@>=0.1.0 <0.2.0",
              "resolved": "https://registry.npmjs.org/chainsaw/-/chainsaw-0.1.0.tgz",
              "dependencies": {
                "traverse": {
                  "version": "0.3.9",
                  "from": "traverse@>=0.3.0 <0.4.0",
                  "resolved": "https://registry.npmjs.org/traverse/-/traverse-0.3.9.tgz"
                }
              }
            },
            "buffers": {
              "version": "0.1.1",
              "from": "buffers@>=0.1.1 <0.2.0",
              "resolved": "https://registry.npmjs.org/buffers/-/buffers-0.1.1.tgz"
            }
          }
        },
        "graceful-fs": {
          "version": "4.1.6",
          "from": "graceful-fs@>=4.1.3 <5.0.0",
          "resolved": "https://registry.npmjs.org/graceful-fs/-/graceful-fs-4.1.6.tgz"
        },
        "mkpath": {
          "version": "0.1.0",
          "from": "mkpath@>=0.1.0 <0.2.0",
          "resolved": "https://registry.npmjs.org/mkpath/-/mkpath-0.1.0.tgz"
        },
        "nopt": {
          "version": "3.0.6",
          "from": "nopt@>=3.0.1 <4.0.0",
          "resolved": "https://registry.npmjs.org/nopt/-/nopt-3.0.6.tgz",
          "dependencies": {
            "abbrev": {
              "version": "1.0.9",
              "from": "abbrev@>=1.0.0 <2.0.0",
              "resolved": "https://registry.npmjs.org/abbrev/-/abbrev-1.0.9.tgz"
            }
          }
        },
        "q": {
          "version": "1.4.1",
          "from": "q@>=1.1.2 <2.0.0",
          "resolved": "https://registry.npmjs.org/q/-/q-1.4.1.tgz"
        },
        "readable-stream": {
          "version": "1.1.14",
          "from": "readable-stream@>=1.1.8 <2.0.0",
          "resolved": "https://registry.npmjs.org/readable-stream/-/readable-stream-1.1.14.tgz",
          "dependencies": {
            "core-util-is": {
              "version": "1.0.2",
              "from": "core-util-is@>=1.0.0 <1.1.0",
              "resolved": "https://registry.npmjs.org/core-util-is/-/core-util-is-1.0.2.tgz"
            },
            "isarray": {
              "version": "0.0.1",
              "from": "isarray@0.0.1",
              "resolved": "https://registry.npmjs.org/isarray/-/isarray-0.0.1.tgz"
            },
            "string_decoder": {
              "version": "0.10.31",
              "from": "string_decoder@>=0.10.0 <0.11.0",
              "resolved": "https://registry.npmjs.org/string_decoder/-/string_decoder-0.10.31.tgz"
            },
            "inherits": {
              "version": "2.0.1",
              "from": "inherits@>=2.0.1 <2.1.0",
              "resolved": "https://registry.npmjs.org/inherits/-/inherits-2.0.1.tgz"
            }
          }
        },
        "touch": {
          "version": "0.0.3",
          "from": "touch@0.0.3",
          "resolved": "https://registry.npmjs.org/touch/-/touch-0.0.3.tgz",
          "dependencies": {
            "nopt": {
              "version": "1.0.10",
              "from": "nopt@>=1.0.10 <1.1.0",
              "resolved": "https://registry.npmjs.org/nopt/-/nopt-1.0.10.tgz",
              "dependencies": {
                "abbrev": {
                  "version": "1.0.9",
                  "from": "abbrev@>=1.0.0 <2.0.0",
                  "resolved": "https://registry.npmjs.org/abbrev/-/abbrev-1.0.9.tgz"
                }
              }
            }
          }
        }
      }
    },
    "findit": {
      "version": "2.0.0",
      "from": "findit@>=2.0.0 <3.0.0",
      "resolved": "https://registry.npmjs.org/findit/-/findit-2.0.0.tgz"
    },
    "istanbul": {
      "version": "0.4.5",
      "from": "istanbul@latest",
      "resolved": "https://registry.npmjs.org/istanbul/-/istanbul-0.4.5.tgz",
      "dependencies": {
        "abbrev": {
          "version": "1.0.9",
          "from": "abbrev@>=1.0.0 <1.1.0",
          "resolved": "https://registry.npmjs.org/abbrev/-/abbrev-1.0.9.tgz"
        },
        "async": {
          "version": "1.5.2",
          "from": "async@>=1.0.0 <2.0.0",
          "resolved": "https://registry.npmjs.org/async/-/async-1.5.2.tgz"
        },
        "escodegen": {
          "version": "1.8.1",
          "from": "escodegen@>=1.8.0 <1.9.0",
          "resolved": "https://registry.npmjs.org/escodegen/-/escodegen-1.8.1.tgz",
          "dependencies": {
            "estraverse": {
              "version": "1.9.3",
              "from": "estraverse@>=1.9.1 <2.0.0",
              "resolved": "https://registry.npmjs.org/estraverse/-/estraverse-1.9.3.tgz"
            },
            "esutils": {
              "version": "2.0.2",
              "from": "esutils@>=2.0.2 <3.0.0",
              "resolved": "https://registry.npmjs.org/esutils/-/esutils-2.0.2.tgz"
            },
            "optionator": {
              "version": "0.8.1",
              "from": "optionator@>=0.8.1 <0.9.0",
              "resolved": "https://registry.npmjs.org/optionator/-/optionator-0.8.1.tgz",
              "dependencies": {
                "prelude-ls": {
                  "version": "1.1.2",
                  "from": "prelude-ls@>=1.1.2 <1.2.0",
                  "resolved": "https://registry.npmjs.org/prelude-ls/-/prelude-ls-1.1.2.tgz"
                },
                "deep-is": {
                  "version": "0.1.3",
                  "from": "deep-is@>=0.1.3 <0.2.0",
                  "resolved": "https://registry.npmjs.org/deep-is/-/deep-is-0.1.3.tgz"
                },
                "type-check": {
                  "version": "0.3.2",
                  "from": "type-check@>=0.3.2 <0.4.0",
                  "resolved": "https://registry.npmjs.org/type-check/-/type-check-0.3.2.tgz"
                },
                "levn": {
                  "version": "0.3.0",
                  "from": "levn@>=0.3.0 <0.4.0",
                  "resolved": "https://registry.npmjs.org/levn/-/levn-0.3.0.tgz"
                },
                "fast-levenshtein": {
                  "version": "1.1.4",
                  "from": "fast-levenshtein@>=1.1.0 <2.0.0",
                  "resolved": "https://registry.npmjs.org/fast-levenshtein/-/fast-levenshtein-1.1.4.tgz"
                }
              }
            },
            "source-map": {
              "version": "0.2.0",
              "from": "source-map@>=0.2.0 <0.3.0",
              "resolved": "https://registry.npmjs.org/source-map/-/source-map-0.2.0.tgz",
              "dependencies": {
                "amdefine": {
                  "version": "1.0.0",
                  "from": "amdefine@>=0.0.4",
                  "resolved": "https://registry.npmjs.org/amdefine/-/amdefine-1.0.0.tgz"
                }
              }
            }
          }
        },
        "esprima": {
          "version": "2.7.3",
          "from": "esprima@>=2.7.0 <2.8.0",
          "resolved": "https://registry.npmjs.org/esprima/-/esprima-2.7.3.tgz"
        },
        "glob": {
          "version": "5.0.15",
          "from": "glob@>=5.0.15 <6.0.0",
          "resolved": "https://registry.npmjs.org/glob/-/glob-5.0.15.tgz",
          "dependencies": {
            "inflight": {
              "version": "1.0.5",
              "from": "inflight@>=1.0.4 <2.0.0",
              "resolved": "https://registry.npmjs.org/inflight/-/inflight-1.0.5.tgz",
              "dependencies": {
                "wrappy": {
                  "version": "1.0.2",
                  "from": "wrappy@>=1.0.0 <2.0.0",
                  "resolved": "https://registry.npmjs.org/wrappy/-/wrappy-1.0.2.tgz"
                }
              }
            },
            "inherits": {
              "version": "2.0.1",
              "from": "inherits@>=2.0.0 <3.0.0",
              "resolved": "https://registry.npmjs.org/inherits/-/inherits-2.0.1.tgz"
            },
            "minimatch": {
              "version": "3.0.3",
              "from": "minimatch@>=2.0.0 <3.0.0||>=3.0.0 <4.0.0",
              "resolved": "https://registry.npmjs.org/minimatch/-/minimatch-3.0.3.tgz",
              "dependencies": {
                "brace-expansion": {
                  "version": "1.1.6",
                  "from": "brace-expansion@>=1.0.0 <2.0.0",
                  "resolved": "https://registry.npmjs.org/brace-expansion/-/brace-expansion-1.1.6.tgz",
                  "dependencies": {
                    "balanced-match": {
                      "version": "0.4.2",
                      "from": "balanced-match@>=0.4.1 <0.5.0",
                      "resolved": "https://registry.npmjs.org/balanced-match/-/balanced-match-0.4.2.tgz"
                    },
                    "concat-map": {
                      "version": "0.0.1",
                      "from": "concat-map@0.0.1",
                      "resolved": "https://registry.npmjs.org/concat-map/-/concat-map-0.0.1.tgz"
                    }
                  }
                }
              }
            },
            "path-is-absolute": {
              "version": "1.0.0",
              "from": "path-is-absolute@>=1.0.0 <2.0.0",
              "resolved": "https://registry.npmjs.org/path-is-absolute/-/path-is-absolute-1.0.0.tgz"
            }
          }
        },
        "handlebars": {
          "version": "4.0.5",
          "from": "handlebars@>=4.0.1 <5.0.0",
          "resolved": "https://registry.npmjs.org/handlebars/-/handlebars-4.0.5.tgz",
          "dependencies": {
            "optimist": {
              "version": "0.6.1",
              "from": "optimist@>=0.6.1 <0.7.0",
              "resolved": "https://registry.npmjs.org/optimist/-/optimist-0.6.1.tgz",
              "dependencies": {
                "wordwrap": {
                  "version": "0.0.3",
                  "from": "wordwrap@>=0.0.2 <0.1.0",
                  "resolved": "https://registry.npmjs.org/wordwrap/-/wordwrap-0.0.3.tgz"
                },
                "minimist": {
                  "version": "0.0.10",
                  "from": "minimist@>=0.0.1 <0.1.0",
                  "resolved": "https://registry.npmjs.org/minimist/-/minimist-0.0.10.tgz"
                }
              }
            },
            "source-map": {
              "version": "0.4.4",
              "from": "source-map@>=0.4.4 <0.5.0",
              "resolved": "https://registry.npmjs.org/source-map/-/source-map-0.4.4.tgz",
              "dependencies": {
                "amdefine": {
                  "version": "1.0.0",
                  "from": "amdefine@>=0.0.4",
                  "resolved": "https://registry.npmjs.org/amdefine/-/amdefine-1.0.0.tgz"
                }
              }
            },
            "uglify-js": {
              "version": "2.7.3",
              "from": "uglify-js@>=2.6.0 <3.0.0",
              "resolved": "https://registry.npmjs.org/uglify-js/-/uglify-js-2.7.3.tgz",
              "dependencies": {
                "async": {
                  "version": "0.2.10",
                  "from": "async@>=0.2.6 <0.3.0",
                  "resolved": "https://registry.npmjs.org/async/-/async-0.2.10.tgz"
                },
                "source-map": {
                  "version": "0.5.6",
                  "from": "source-map@>=0.5.1 <0.6.0",
                  "resolved": "https://registry.npmjs.org/source-map/-/source-map-0.5.6.tgz"
                },
                "uglify-to-browserify": {
                  "version": "1.0.2",
                  "from": "uglify-to-browserify@>=1.0.0 <1.1.0",
                  "resolved": "https://registry.npmjs.org/uglify-to-browserify/-/uglify-to-browserify-1.0.2.tgz"
                },
                "yargs": {
                  "version": "3.10.0",
                  "from": "yargs@>=3.10.0 <3.11.0",
                  "resolved": "https://registry.npmjs.org/yargs/-/yargs-3.10.0.tgz",
                  "dependencies": {
                    "camelcase": {
                      "version": "1.2.1",
                      "from": "camelcase@>=1.0.2 <2.0.0",
                      "resolved": "https://registry.npmjs.org/camelcase/-/camelcase-1.2.1.tgz"
                    },
                    "cliui": {
                      "version": "2.1.0",
                      "from": "cliui@>=2.1.0 <3.0.0",
                      "resolved": "https://registry.npmjs.org/cliui/-/cliui-2.1.0.tgz",
                      "dependencies": {
                        "center-align": {
                          "version": "0.1.3",
                          "from": "center-align@>=0.1.1 <0.2.0",
                          "resolved": "https://registry.npmjs.org/center-align/-/center-align-0.1.3.tgz",
                          "dependencies": {
                            "align-text": {
                              "version": "0.1.4",
                              "from": "align-text@>=0.1.1 <0.2.0",
                              "resolved": "https://registry.npmjs.org/align-text/-/align-text-0.1.4.tgz",
                              "dependencies": {
                                "kind-of": {
                                  "version": "3.0.4",
                                  "from": "kind-of@>=3.0.2 <4.0.0",
                                  "resolved": "https://registry.npmjs.org/kind-of/-/kind-of-3.0.4.tgz",
                                  "dependencies": {
                                    "is-buffer": {
                                      "version": "1.1.4",
                                      "from": "is-buffer@>=1.0.2 <2.0.0",
                                      "resolved": "https://registry.npmjs.org/is-buffer/-/is-buffer-1.1.4.tgz"
                                    }
                                  }
                                },
                                "longest": {
                                  "version": "1.0.1",
                                  "from": "longest@>=1.0.1 <2.0.0",
                                  "resolved": "https://registry.npmjs.org/longest/-/longest-1.0.1.tgz"
                                },
                                "repeat-string": {
                                  "version": "1.5.4",
                                  "from": "repeat-string@>=1.5.2 <2.0.0",
                                  "resolved": "https://registry.npmjs.org/repeat-string/-/repeat-string-1.5.4.tgz"
                                }
                              }
                            },
                            "lazy-cache": {
                              "version": "1.0.4",
                              "from": "lazy-cache@>=1.0.3 <2.0.0",
                              "resolved": "https://registry.npmjs.org/lazy-cache/-/lazy-cache-1.0.4.tgz"
                            }
                          }
                        },
                        "right-align": {
                          "version": "0.1.3",
                          "from": "right-align@>=0.1.1 <0.2.0",
                          "resolved": "https://registry.npmjs.org/right-align/-/right-align-0.1.3.tgz",
                          "dependencies": {
                            "align-text": {
                              "version": "0.1.4",
                              "from": "align-text@>=0.1.1 <0.2.0",
                              "resolved": "https://registry.npmjs.org/align-text/-/align-text-0.1.4.tgz",
                              "dependencies": {
                                "kind-of": {
                                  "version": "3.0.4",
                                  "from": "kind-of@>=3.0.2 <4.0.0",
                                  "resolved": "https://registry.npmjs.org/kind-of/-/kind-of-3.0.4.tgz",
                                  "dependencies": {
                                    "is-buffer": {
                                      "version": "1.1.4",
                                      "from": "is-buffer@>=1.0.2 <2.0.0",
                                      "resolved": "https://registry.npmjs.org/is-buffer/-/is-buffer-1.1.4.tgz"
                                    }
                                  }
                                },
                                "longest": {
                                  "version": "1.0.1",
                                  "from": "longest@>=1.0.1 <2.0.0",
                                  "resolved": "https://registry.npmjs.org/longest/-/longest-1.0.1.tgz"
                                },
                                "repeat-string": {
                                  "version": "1.5.4",
                                  "from": "repeat-string@>=1.5.2 <2.0.0",
                                  "resolved": "https://registry.npmjs.org/repeat-string/-/repeat-string-1.5.4.tgz"
                                }
                              }
                            }
                          }
                        },
                        "wordwrap": {
                          "version": "0.0.2",
                          "from": "wordwrap@0.0.2",
                          "resolved": "https://registry.npmjs.org/wordwrap/-/wordwrap-0.0.2.tgz"
                        }
                      }
                    },
                    "decamelize": {
                      "version": "1.2.0",
                      "from": "decamelize@>=1.0.0 <2.0.0",
                      "resolved": "https://registry.npmjs.org/decamelize/-/decamelize-1.2.0.tgz"
                    },
                    "window-size": {
                      "version": "0.1.0",
                      "from": "window-size@0.1.0",
                      "resolved": "https://registry.npmjs.org/window-size/-/window-size-0.1.0.tgz"
                    }
                  }
                }
              }
            }
          }
        },
        "js-yaml": {
          "version": "3.6.1",
          "from": "js-yaml@>=3.0.0 <4.0.0",
          "resolved": "https://registry.npmjs.org/js-yaml/-/js-yaml-3.6.1.tgz",
          "dependencies": {
            "argparse": {
              "version": "1.0.7",
              "from": "argparse@>=1.0.7 <2.0.0",
              "resolved": "https://registry.npmjs.org/argparse/-/argparse-1.0.7.tgz",
              "dependencies": {
                "sprintf-js": {
                  "version": "1.0.3",
                  "from": "sprintf-js@>=1.0.2 <1.1.0",
                  "resolved": "https://registry.npmjs.org/sprintf-js/-/sprintf-js-1.0.3.tgz"
                }
              }
            }
          }
        },
        "mkdirp": {
          "version": "0.5.1",
          "from": "mkdirp@>=0.5.0 <0.6.0",
          "resolved": "https://registry.npmjs.org/mkdirp/-/mkdirp-0.5.1.tgz",
          "dependencies": {
            "minimist": {
              "version": "0.0.8",
              "from": "minimist@0.0.8",
              "resolved": "https://registry.npmjs.org/minimist/-/minimist-0.0.8.tgz"
            }
          }
        },
        "nopt": {
          "version": "3.0.6",
          "from": "nopt@>=3.0.0 <4.0.0",
          "resolved": "https://registry.npmjs.org/nopt/-/nopt-3.0.6.tgz"
        },
        "once": {
          "version": "1.3.3",
          "from": "once@>=1.0.0 <2.0.0",
          "resolved": "https://registry.npmjs.org/once/-/once-1.3.3.tgz",
          "dependencies": {
            "wrappy": {
              "version": "1.0.2",
              "from": "wrappy@>=1.0.0 <2.0.0",
              "resolved": "https://registry.npmjs.org/wrappy/-/wrappy-1.0.2.tgz"
            }
          }
        },
        "resolve": {
          "version": "1.1.7",
          "from": "resolve@>=1.1.0 <1.2.0",
          "resolved": "https://registry.npmjs.org/resolve/-/resolve-1.1.7.tgz"
        },
        "supports-color": {
          "version": "3.1.2",
          "from": "supports-color@>=3.1.0 <4.0.0",
          "resolved": "https://registry.npmjs.org/supports-color/-/supports-color-3.1.2.tgz",
          "dependencies": {
            "has-flag": {
              "version": "1.0.0",
              "from": "has-flag@>=1.0.0 <2.0.0",
              "resolved": "https://registry.npmjs.org/has-flag/-/has-flag-1.0.0.tgz"
            }
          }
        },
        "which": {
          "version": "1.2.10",
          "from": "which@>=1.1.1 <2.0.0",
          "resolved": "https://registry.npmjs.org/which/-/which-1.2.10.tgz",
          "dependencies": {
            "isexe": {
              "version": "1.1.2",
              "from": "isexe@>=1.1.1 <2.0.0",
              "resolved": "https://registry.npmjs.org/isexe/-/isexe-1.1.2.tgz"
            }
          }
        },
        "wordwrap": {
          "version": "1.0.0",
          "from": "wordwrap@>=1.0.0 <2.0.0",
          "resolved": "https://registry.npmjs.org/wordwrap/-/wordwrap-1.0.0.tgz"
        }
      }
    },
    "rimraf": {
      "version": "2.5.4",
      "from": "rimraf@>=2.2.8 <3.0.0",
      "resolved": "https://registry.npmjs.org/rimraf/-/rimraf-2.5.4.tgz",
      "dependencies": {
        "glob": {
          "version": "7.0.6",
          "from": "glob@>=7.0.5 <8.0.0",
          "resolved": "https://registry.npmjs.org/glob/-/glob-7.0.6.tgz",
          "dependencies": {
            "fs.realpath": {
              "version": "1.0.0",
              "from": "fs.realpath@>=1.0.0 <2.0.0",
              "resolved": "https://registry.npmjs.org/fs.realpath/-/fs.realpath-1.0.0.tgz"
            },
            "inflight": {
              "version": "1.0.5",
              "from": "inflight@>=1.0.4 <2.0.0",
              "resolved": "https://registry.npmjs.org/inflight/-/inflight-1.0.5.tgz",
              "dependencies": {
                "wrappy": {
                  "version": "1.0.2",
                  "from": "wrappy@>=1.0.0 <2.0.0",
                  "resolved": "https://registry.npmjs.org/wrappy/-/wrappy-1.0.2.tgz"
                }
              }
            },
            "inherits": {
              "version": "2.0.1",
              "from": "inherits@>=2.0.1 <2.1.0",
              "resolved": "https://registry.npmjs.org/inherits/-/inherits-2.0.1.tgz"
            },
            "minimatch": {
              "version": "3.0.3",
              "from": "minimatch@>=3.0.2 <4.0.0",
              "resolved": "https://registry.npmjs.org/minimatch/-/minimatch-3.0.3.tgz",
              "dependencies": {
                "brace-expansion": {
                  "version": "1.1.6",
                  "from": "brace-expansion@>=1.0.0 <2.0.0",
                  "resolved": "https://registry.npmjs.org/brace-expansion/-/brace-expansion-1.1.6.tgz",
                  "dependencies": {
                    "balanced-match": {
                      "version": "0.4.2",
                      "from": "balanced-match@>=0.4.1 <0.5.0",
                      "resolved": "https://registry.npmjs.org/balanced-match/-/balanced-match-0.4.2.tgz"
                    },
                    "concat-map": {
                      "version": "0.0.1",
                      "from": "concat-map@0.0.1",
                      "resolved": "https://registry.npmjs.org/concat-map/-/concat-map-0.0.1.tgz"
                    }
                  }
                }
              }
            },
            "once": {
              "version": "1.3.3",
              "from": "once@>=1.3.0 <2.0.0",
              "resolved": "https://registry.npmjs.org/once/-/once-1.3.3.tgz",
              "dependencies": {
                "wrappy": {
                  "version": "1.0.2",
                  "from": "wrappy@>=1.0.0 <2.0.0",
                  "resolved": "https://registry.npmjs.org/wrappy/-/wrappy-1.0.2.tgz"
                }
              }
            },
            "path-is-absolute": {
              "version": "1.0.0",
              "from": "path-is-absolute@>=1.0.0 <2.0.0",
              "resolved": "https://registry.npmjs.org/path-is-absolute/-/path-is-absolute-1.0.0.tgz"
            }
          }
        }
      }
    },
    "tape": {
      "version": "4.6.0",
      "from": "tape@latest",
      "resolved": "https://registry.npmjs.org/tape/-/tape-4.6.0.tgz",
      "dependencies": {
        "deep-equal": {
          "version": "1.0.1",
          "from": "deep-equal@>=1.0.1 <1.1.0",
          "resolved": "https://registry.npmjs.org/deep-equal/-/deep-equal-1.0.1.tgz"
        },
        "defined": {
          "version": "1.0.0",
          "from": "defined@>=1.0.0 <1.1.0",
          "resolved": "https://registry.npmjs.org/defined/-/defined-1.0.0.tgz"
        },
        "function-bind": {
          "version": "1.1.0",
          "from": "function-bind@>=1.1.0 <1.2.0",
          "resolved": "https://registry.npmjs.org/function-bind/-/function-bind-1.1.0.tgz"
        },
        "glob": {
          "version": "7.0.6",
          "from": "glob@>=7.0.4 <7.1.0",
          "resolved": "https://registry.npmjs.org/glob/-/glob-7.0.6.tgz",
          "dependencies": {
            "fs.realpath": {
              "version": "1.0.0",
              "from": "fs.realpath@>=1.0.0 <2.0.0",
              "resolved": "https://registry.npmjs.org/fs.realpath/-/fs.realpath-1.0.0.tgz"
            },
            "inflight": {
              "version": "1.0.5",
              "from": "inflight@>=1.0.4 <2.0.0",
              "resolved": "https://registry.npmjs.org/inflight/-/inflight-1.0.5.tgz",
              "dependencies": {
                "wrappy": {
                  "version": "1.0.2",
                  "from": "wrappy@>=1.0.0 <2.0.0",
                  "resolved": "https://registry.npmjs.org/wrappy/-/wrappy-1.0.2.tgz"
                }
              }
            },
            "minimatch": {
              "version": "3.0.3",
              "from": "minimatch@>=3.0.2 <4.0.0",
              "resolved": "https://registry.npmjs.org/minimatch/-/minimatch-3.0.3.tgz",
              "dependencies": {
                "brace-expansion": {
                  "version": "1.1.6",
                  "from": "brace-expansion@>=1.0.0 <2.0.0",
                  "resolved": "https://registry.npmjs.org/brace-expansion/-/brace-expansion-1.1.6.tgz",
                  "dependencies": {
                    "balanced-match": {
                      "version": "0.4.2",
                      "from": "balanced-match@>=0.4.1 <0.5.0",
                      "resolved": "https://registry.npmjs.org/balanced-match/-/balanced-match-0.4.2.tgz"
                    },
                    "concat-map": {
                      "version": "0.0.1",
                      "from": "concat-map@0.0.1",
                      "resolved": "https://registry.npmjs.org/concat-map/-/concat-map-0.0.1.tgz"
                    }
                  }
                }
              }
            },
            "once": {
              "version": "1.3.3",
              "from": "once@>=1.3.0 <2.0.0",
              "resolved": "https://registry.npmjs.org/once/-/once-1.3.3.tgz",
              "dependencies": {
                "wrappy": {
                  "version": "1.0.2",
                  "from": "wrappy@>=1.0.0 <2.0.0",
                  "resolved": "https://registry.npmjs.org/wrappy/-/wrappy-1.0.2.tgz"
                }
              }
            },
            "path-is-absolute": {
              "version": "1.0.0",
              "from": "path-is-absolute@>=1.0.0 <2.0.0",
              "resolved": "https://registry.npmjs.org/path-is-absolute/-/path-is-absolute-1.0.0.tgz"
            }
          }
        },
        "has": {
          "version": "1.0.1",
          "from": "has@>=1.0.1 <1.1.0",
          "resolved": "https://registry.npmjs.org/has/-/has-1.0.1.tgz"
        },
        "inherits": {
          "version": "2.0.1",
          "from": "inherits@>=2.0.1 <2.1.0",
          "resolved": "https://registry.npmjs.org/inherits/-/inherits-2.0.1.tgz"
        },
        "minimist": {
          "version": "1.2.0",
          "from": "minimist@>=1.2.0 <1.3.0",
          "resolved": "https://registry.npmjs.org/minimist/-/minimist-1.2.0.tgz"
        },
        "object-inspect": {
          "version": "1.2.1",
          "from": "object-inspect@>=1.2.1 <1.3.0",
          "resolved": "https://registry.npmjs.org/object-inspect/-/object-inspect-1.2.1.tgz"
        },
        "resolve": {
          "version": "1.1.7",
          "from": "resolve@>=1.1.7 <1.2.0",
          "resolved": "https://registry.npmjs.org/resolve/-/resolve-1.1.7.tgz"
        },
        "resumer": {
          "version": "0.0.0",
          "from": "resumer@>=0.0.0 <0.1.0",
          "resolved": "https://registry.npmjs.org/resumer/-/resumer-0.0.0.tgz"
        },
        "string.prototype.trim": {
          "version": "1.1.2",
          "from": "string.prototype.trim@>=1.1.2 <1.2.0",
          "resolved": "https://registry.npmjs.org/string.prototype.trim/-/string.prototype.trim-1.1.2.tgz",
          "dependencies": {
            "define-properties": {
              "version": "1.1.2",
              "from": "define-properties@>=1.1.2 <2.0.0",
              "resolved": "https://registry.npmjs.org/define-properties/-/define-properties-1.1.2.tgz",
              "dependencies": {
                "foreach": {
                  "version": "2.0.5",
                  "from": "foreach@>=2.0.5 <3.0.0",
                  "resolved": "https://registry.npmjs.org/foreach/-/foreach-2.0.5.tgz"
                },
                "object-keys": {
                  "version": "1.0.11",
                  "from": "object-keys@>=1.0.8 <2.0.0",
                  "resolved": "https://registry.npmjs.org/object-keys/-/object-keys-1.0.11.tgz"
                }
              }
            },
            "es-abstract": {
              "version": "1.6.1",
              "from": "es-abstract@>=1.5.0 <2.0.0",
              "resolved": "https://registry.npmjs.org/es-abstract/-/es-abstract-1.6.1.tgz",
              "dependencies": {
                "is-callable": {
                  "version": "1.1.3",
                  "from": "is-callable@>=1.1.3 <2.0.0",
                  "resolved": "https://registry.npmjs.org/is-callable/-/is-callable-1.1.3.tgz"
                },
                "es-to-primitive": {
                  "version": "1.1.1",
                  "from": "es-to-primitive@>=1.1.1 <2.0.0",
                  "resolved": "https://registry.npmjs.org/es-to-primitive/-/es-to-primitive-1.1.1.tgz",
                  "dependencies": {
                    "is-date-object": {
                      "version": "1.0.1",
                      "from": "is-date-object@>=1.0.1 <2.0.0",
                      "resolved": "https://registry.npmjs.org/is-date-object/-/is-date-object-1.0.1.tgz"
                    },
                    "is-symbol": {
                      "version": "1.0.1",
                      "from": "is-symbol@>=1.0.1 <2.0.0",
                      "resolved": "https://registry.npmjs.org/is-symbol/-/is-symbol-1.0.1.tgz"
                    }
                  }
                },
                "is-regex": {
                  "version": "1.0.3",
                  "from": "is-regex@>=1.0.3 <2.0.0",
                  "resolved": "https://registry.npmjs.org/is-regex/-/is-regex-1.0.3.tgz"
                }
              }
            }
          }
        },
        "through": {
          "version": "2.3.8",
          "from": "through@>=2.3.8 <2.4.0",
          "resolved": "https://registry.npmjs.org/through/-/through-2.3.8.tgz"
        }
      }
    }
  }
}
